
Microsoft Visual Studio Solution File, Format Version 12.00
Project("{FAE04EC0-301F-11D3-BF4B-00C04F79EFBC}") = "SudokuVS.Sudoku", "SudokuVS.Sudoku\SudokuVS.Sudoku.csproj", "{9C0C32B5-7C21-4D1F-BF3C-95BF357BA2F6}"
EndProject
Project("{FAE04EC0-301F-11D3-BF4B-00C04F79EFBC}") = "SudokuVS.Game", "SudokuVS.Game\SudokuVS.Game.csproj", "{5932EEF4-FEF7-40AD-95AA-F7D411CE34F5}"
EndProject
Project("{FAE04EC0-301F-11D3-BF4B-00C04F79EFBC}") = "SudokuVS.Server", "SudokuVS.Server\SudokuVS.Server.csproj", "{F8F3DA61-4182-4B77-BC17-E5081B104526}"
EndProject
Project("{FAE04EC0-301F-11D3-BF4B-00C04F79EFBC}") = "SudokuVS.Apps.Common", "SudokuVS.Apps.Common\SudokuVS.Apps.Common.csproj", "{4894C8F1-09C8-40E8-AD05-8E8266BD96B0}"
EndProject
Project("{FAE04EC0-301F-11D3-BF4B-00C04F79EFBC}") = "Tests.Sudoku", "Tests.Sudoku\Tests.Sudoku.csproj", "{CC767DA9-73E6-4F90-9380-57AC039021A1}"
EndProject
Project("{2150E333-8FDC-42A3-9474-1A3956D46DE8}") = "Tests", "Tests", "{A342174F-8BA0-4D52-A254-044508531B51}"
EndProject
Global
	GlobalSection(SolutionConfigurationPlatforms) = preSolution
		Debug|Any CPU = Debug|Any CPU
		Release|Any CPU = Release|Any CPU
	EndGlobalSection
	GlobalSection(ProjectConfigurationPlatforms) = postSolution
		{9C0C32B5-7C21-4D1F-BF3C-95BF357BA2F6}.Debug|Any CPU.ActiveCfg = Debug|Any CPU
		{9C0C32B5-7C21-4D1F-BF3C-95BF357BA2F6}.Debug|Any CPU.Build.0 = Debug|Any CPU
		{9C0C32B5-7C21-4D1F-BF3C-95BF357BA2F6}.Release|Any CPU.ActiveCfg = Release|Any CPU
		{9C0C32B5-7C21-4D1F-BF3C-95BF357BA2F6}.Release|Any CPU.Build.0 = Release|Any CPU
		{5932EEF4-FEF7-40AD-95AA-F7D411CE34F5}.Debug|Any CPU.ActiveCfg = Debug|Any CPU
		{5932EEF4-FEF7-40AD-95AA-F7D411CE34F5}.Debug|Any CPU.Build.0 = Debug|Any CPU
		{5932EEF4-FEF7-40AD-95AA-F7D411CE34F5}.Release|Any CPU.ActiveCfg = Release|Any CPU
		{5932EEF4-FEF7-40AD-95AA-F7D411CE34F5}.Release|Any CPU.Build.0 = Release|Any CPU
		{F8F3DA61-4182-4B77-BC17-E5081B104526}.Debug|Any CPU.ActiveCfg = Debug|Any CPU
		{F8F3DA61-4182-4B77-BC17-E5081B104526}.Debug|Any CPU.Build.0 = Debug|Any CPU
		{F8F3DA61-4182-4B77-BC17-E5081B104526}.Release|Any CPU.ActiveCfg = Release|Any CPU
		{F8F3DA61-4182-4B77-BC17-E5081B104526}.Release|Any CPU.Build.0 = Release|Any CPU
		{4894C8F1-09C8-40E8-AD05-8E8266BD96B0}.Debug|Any CPU.ActiveCfg = Debug|Any CPU
		{4894C8F1-09C8-40E8-AD05-8E8266BD96B0}.Debug|Any CPU.Build.0 = Debug|Any CPU
		{4894C8F1-09C8-40E8-AD05-8E8266BD96B0}.Release|Any CPU.ActiveCfg = Release|Any CPU
		{4894C8F1-09C8-40E8-AD05-8E8266BD96B0}.Release|Any CPU.Build.0 = Release|Any CPU
		{CC767DA9-73E6-4F90-9380-57AC039021A1}.Debug|Any CPU.ActiveCfg = Debug|Any CPU
		{CC767DA9-73E6-4F90-9380-57AC039021A1}.Debug|Any CPU.Build.0 = Debug|Any CPU
		{CC767DA9-73E6-4F90-9380-57AC039021A1}.Release|Any CPU.ActiveCfg = Release|Any CPU
		{CC767DA9-73E6-4F90-9380-57AC039021A1}.Release|Any CPU.Build.0 = Release|Any CPU
	EndGlobalSection
	GlobalSection(NestedProjects) = preSolution
		{CC767DA9-73E6-4F90-9380-57AC039021A1} = {A342174F-8BA0-4D52-A254-044508531B51}
	EndGlobalSection
EndGlobal
